
Microsoft Visual Studio Solution File, Format Version 12.00
# Visual Studio 15
VisualStudioVersion = 15.0.28307.757
MinimumVisualStudioVersion = 10.0.40219.1
Project("{FAE04EC0-301F-11D3-BF4B-00C04F79EFBC}") = "InstituteManagement", "InstituteManagement\InstituteManagement.csproj", "{12301F7E-98AB-46EC-8086-50C417C9669E}"
EndProject
Global
	GlobalSection(SolutionConfigurationPlatforms) = preSolution
		Debug|Any CPU = Debug|Any CPU
		Release|Any CPU = Release|Any CPU
	EndGlobalSection
	GlobalSection(ProjectConfigurationPlatforms) = postSolution
		{12301F7E-98AB-46EC-8086-50C417C9669E}.Debug|Any CPU.ActiveCfg = Debug|Any CPU
		{12301F7E-98AB-46EC-8086-50C417C9669E}.Debug|Any CPU.Build.0 = Debug|Any CPU
		{12301F7E-98AB-46EC-8086-50C417C9669E}.Release|Any CPU.ActiveCfg = Release|Any CPU
		{12301F7E-98AB-46EC-8086-50C417C9669E}.Release|Any CPU.Build.0 = Release|Any CPU
	EndGlobalSection
	GlobalSection(SolutionProperties) = preSolution
		HideSolutionNode = FALSE
	EndGlobalSection
	GlobalSection(ExtensibilityGlobals) = postSolution
		SolutionGuid = {14F6745F-0769-474B-8CC7-7F0E884461E9}
	EndGlobalSection
EndGlobal
